// !$*UTF8*$!
{
	archiveVersion = 1;
	classes = {
	};
	objectVersion = 46;
	objects = {

/* Begin PBXBuildFile section */
		2B3594681A25946300BAC413 /* AppDelegate.swift in Sources */ = {isa = PBXBuildFile; fileRef = 2B3594671A25946300BAC413 /* AppDelegate.swift */; };
		2B35946A1A25946300BAC413 /* ViewController.swift in Sources */ = {isa = PBXBuildFile; fileRef = 2B3594691A25946300BAC413 /* ViewController.swift */; };
		2B35946D1A25946300BAC413 /* Main.storyboard in Resources */ = {isa = PBXBuildFile; fileRef = 2B35946B1A25946300BAC413 /* Main.storyboard */; };
		2B35946F1A25946300BAC413 /* Images.xcassets in Resources */ = {isa = PBXBuildFile; fileRef = 2B35946E1A25946300BAC413 /* Images.xcassets */; };
		2B3594721A25946300BAC413 /* LaunchScreen.xib in Resources */ = {isa = PBXBuildFile; fileRef = 2B3594701A25946300BAC413 /* LaunchScreen.xib */; };
		2B35947E1A25946300BAC413 /* price_viewTests.swift in Sources */ = {isa = PBXBuildFile; fileRef = 2B35947D1A25946300BAC413 /* price_viewTests.swift */; };
		2B3594881A25949A00BAC413 /* Default-568h@2x.png in Resources */ = {isa = PBXBuildFile; fileRef = 2B3594871A25949A00BAC413 /* Default-568h@2x.png */; };
		2B35948B1A25957100BAC413 /* TegPriceView.swift in Sources */ = {isa = PBXBuildFile; fileRef = 2B35948A1A25957100BAC413 /* TegPriceView.swift */; };
/* End PBXBuildFile section */

/* Begin PBXContainerItemProxy section */
		2B3594781A25946300BAC413 /* PBXContainerItemProxy */ = {
			isa = PBXContainerItemProxy;
			containerPortal = 2B35945A1A25946300BAC413 /* Project object */;
			proxyType = 1;
			remoteGlobalIDString = 2B3594611A25946300BAC413;
			remoteInfo = "price-view";
		};
/* End PBXContainerItemProxy section */

/* Begin PBXFileReference section */
		2B3594621A25946300BAC413 /* price-view.app */ = {isa = PBXFileReference; explicitFileType = wrapper.application; includeInIndex = 0; path = "price-view.app"; sourceTree = BUILT_PRODUCTS_DIR; };
		2B3594661A25946300BAC413 /* Info.plist */ = {isa = PBXFileReference; lastKnownFileType = text.plist.xml; path = Info.plist; sourceTree = "<group>"; };
		2B3594671A25946300BAC413 /* AppDelegate.swift */ = {isa = PBXFileReference; lastKnownFileType = sourcecode.swift; path = AppDelegate.swift; sourceTree = "<group>"; };
		2B3594691A25946300BAC413 /* ViewController.swift */ = {isa = PBXFileReference; lastKnownFileType = sourcecode.swift; path = ViewController.swift; sourceTree = "<group>"; };
		2B35946C1A25946300BAC413 /* Base */ = {isa = PBXFileReference; lastKnownFileType = file.storyboard; name = Base; path = Base.lproj/Main.storyboard; sourceTree = "<group>"; };
		2B35946E1A25946300BAC413 /* Images.xcassets */ = {isa = PBXFileReference; lastKnownFileType = folder.assetcatalog; path = Images.xcassets; sourceTree = "<group>"; };
		2B3594711A25946300BAC413 /* Base */ = {isa = PBXFileReference; lastKnownFileType = file.xib; name = Base; path = Base.lproj/LaunchScreen.xib; sourceTree = "<group>"; };
		2B3594771A25946300BAC413 /* price-viewTests.xctest */ = {isa = PBXFileReference; explicitFileType = wrapper.cfbundle; includeInIndex = 0; path = "price-viewTests.xctest"; sourceTree = BUILT_PRODUCTS_DIR; };
		2B35947C1A25946300BAC413 /* Info.plist */ = {isa = PBXFileReference; lastKnownFileType = text.plist.xml; path = Info.plist; sourceTree = "<group>"; };
		2B35947D1A25946300BAC413 /* price_viewTests.swift */ = {isa = PBXFileReference; lastKnownFileType = sourcecode.swift; path = price_viewTests.swift; sourceTree = "<group>"; };
		2B3594871A25949A00BAC413 /* Default-568h@2x.png */ = {isa = PBXFileReference; lastKnownFileType = image.png; path = "Default-568h@2x.png"; sourceTree = "<group>"; };
		2B35948A1A25957100BAC413 /* TegPriceView.swift */ = {isa = PBXFileReference; fileEncoding = 4; lastKnownFileType = sourcecode.swift; path = TegPriceView.swift; sourceTree = "<group>"; };
/* End PBXFileReference section */

/* Begin PBXFrameworksBuildPhase section */
		2B35945F1A25946300BAC413 /* Frameworks */ = {
			isa = PBXFrameworksBuildPhase;
			buildActionMask = 2147483647;
			files = (
			);
			runOnlyForDeploymentPostprocessing = 0;
		};
		2B3594741A25946300BAC413 /* Frameworks */ = {
			isa = PBXFrameworksBuildPhase;
			buildActionMask = 2147483647;
			files = (
			);
			runOnlyForDeploymentPostprocessing = 0;
		};
/* End PBXFrameworksBuildPhase section */

/* Begin PBXGroup section */
		2B3594591A25946300BAC413 = {
			isa = PBXGroup;
			children = (
				2B3594871A25949A00BAC413 /* Default-568h@2x.png */,
				2B3594641A25946300BAC413 /* price-view */,
				2B35947A1A25946300BAC413 /* price-viewTests */,
				2B3594631A25946300BAC413 /* Products */,
			);
			sourceTree = "<group>";
		};
		2B3594631A25946300BAC413 /* Products */ = {
			isa = PBXGroup;
			children = (
				2B3594621A25946300BAC413 /* price-view.app */,
				2B3594771A25946300BAC413 /* price-viewTests.xctest */,
			);
			name = Products;
			sourceTree = "<group>";
		};
		2B3594641A25946300BAC413 /* price-view */ = {
			isa = PBXGroup;
			children = (
				2B3594891A25956600BAC413 /* lib */,
				2B3594671A25946300BAC413 /* AppDelegate.swift */,
				2B3594691A25946300BAC413 /* ViewController.swift */,
				2B35946B1A25946300BAC413 /* Main.storyboard */,
				2B35946E1A25946300BAC413 /* Images.xcassets */,
				2B3594701A25946300BAC413 /* LaunchScreen.xib */,
				2B3594651A25946300BAC413 /* Supporting Files */,
			);
			path = "price-view";
			sourceTree = "<group>";
		};
		2B3594651A25946300BAC413 /* Supporting Files */ = {
			isa = PBXGroup;
			children = (
				2B3594661A25946300BAC413 /* Info.plist */,
			);
			name = "Supporting Files";
			sourceTree = "<group>";
		};
		2B35947A1A25946300BAC413 /* price-viewTests */ = {
			isa = PBXGroup;
			children = (
				2B35947D1A25946300BAC413 /* price_viewTests.swift */,
				2B35947B1A25946300BAC413 /* Supporting Files */,
			);
			path = "price-viewTests";
			sourceTree = "<group>";
		};
		2B35947B1A25946300BAC413 /* Supporting Files */ = {
			isa = PBXGroup;
			children = (
				2B35947C1A25946300BAC413 /* Info.plist */,
			);
			name = "Supporting Files";
			sourceTree = "<group>";
		};
		2B3594891A25956600BAC413 /* lib */ = {
			isa = PBXGroup;
			children = (
				2B35948A1A25957100BAC413 /* TegPriceView.swift */,
			);
			name = lib;
			sourceTree = "<group>";
		};
/* End PBXGroup section */

/* Begin PBXNativeTarget section */
		2B3594611A25946300BAC413 /* price-view */ = {
			isa = PBXNativeTarget;
			buildConfigurationList = 2B3594811A25946300BAC413 /* Build configuration list for PBXNativeTarget "price-view" */;
			buildPhases = (
				2B35945E1A25946300BAC413 /* Sources */,
				2B35945F1A25946300BAC413 /* Frameworks */,
				2B3594601A25946300BAC413 /* Resources */,
			);
			buildRules = (
			);
			dependencies = (
			);
			name = "price-view";
			productName = "price-view";
			productReference = 2B3594621A25946300BAC413 /* price-view.app */;
			productType = "com.apple.product-type.application";
		};
		2B3594761A25946300BAC413 /* price-viewTests */ = {
			isa = PBXNativeTarget;
			buildConfigurationList = 2B3594841A25946300BAC413 /* Build configuration list for PBXNativeTarget "price-viewTests" */;
			buildPhases = (
				2B3594731A25946300BAC413 /* Sources */,
				2B3594741A25946300BAC413 /* Frameworks */,
				2B3594751A25946300BAC413 /* Resources */,
			);
			buildRules = (
			);
			dependencies = (
				2B3594791A25946300BAC413 /* PBXTargetDependency */,
			);
			name = "price-viewTests";
			productName = "price-viewTests";
			productReference = 2B3594771A25946300BAC413 /* price-viewTests.xctest */;
			productType = "com.apple.product-type.bundle.unit-test";
		};
/* End PBXNativeTarget section */

/* Begin PBXProject section */
		2B35945A1A25946300BAC413 /* Project object */ = {
			isa = PBXProject;
			attributes = {
				LastUpgradeCheck = 0610;
				ORGANIZATIONNAME = "The Exchange Group Pty Ltd";
				TargetAttributes = {
					2B3594611A25946300BAC413 = {
						CreatedOnToolsVersion = 6.1;
					};
					2B3594761A25946300BAC413 = {
						CreatedOnToolsVersion = 6.1;
						TestTargetID = 2B3594611A25946300BAC413;
					};
				};
			};
			buildConfigurationList = 2B35945D1A25946300BAC413 /* Build configuration list for PBXProject "price-view" */;
			compatibilityVersion = "Xcode 3.2";
			developmentRegion = English;
			hasScannedForEncodings = 0;
			knownRegions = (
				en,
				Base,
			);
			mainGroup = 2B3594591A25946300BAC413;
			productRefGroup = 2B3594631A25946300BAC413 /* Products */;
			projectDirPath = "";
			projectRoot = "";
			targets = (
				2B3594611A25946300BAC413 /* price-view */,
				2B3594761A25946300BAC413 /* price-viewTests */,
			);
		};
/* End PBXProject section */

/* Begin PBXResourcesBuildPhase section */
		2B3594601A25946300BAC413 /* Resources */ = {
			isa = PBXResourcesBuildPhase;
			buildActionMask = 2147483647;
			files = (
				2B35946D1A25946300BAC413 /* Main.storyboard in Resources */,
				2B3594881A25949A00BAC413 /* Default-568h@2x.png in Resources */,
				2B3594721A25946300BAC413 /* LaunchScreen.xib in Resources */,
				2B35946F1A25946300BAC413 /* Images.xcassets in Resources */,
			);
			runOnlyForDeploymentPostprocessing = 0;
		};
		2B3594751A25946300BAC413 /* Resources */ = {
			isa = PBXResourcesBuildPhase;
			buildActionMask = 2147483647;
			files = (
			);
			runOnlyForDeploymentPostprocessing = 0;
		};
/* End PBXResourcesBuildPhase section */

/* Begin PBXSourcesBuildPhase section */
		2B35945E1A25946300BAC413 /* Sources */ = {
			isa = PBXSourcesBuildPhase;
			buildActionMask = 2147483647;
			files = (
				2B35946A1A25946300BAC413 /* ViewController.swift in Sources */,
				2B3594681A25946300BAC413 /* AppDelegate.swift in Sources */,
				2B35948B1A25957100BAC413 /* TegPriceView.swift in Sources */,
			);
			runOnlyForDeploymentPostprocessing = 0;
		};
		2B3594731A25946300BAC413 /* Sources */ = {
			isa = PBXSourcesBuildPhase;
			buildActionMask = 2147483647;
			files = (
				2B35947E1A25946300BAC413 /* price_viewTests.swift in Sources */,
			);
			runOnlyForDeploymentPostprocessing = 0;
		};
/* End PBXSourcesBuildPhase section */

/* Begin PBXTargetDependency section */
		2B3594791A25946300BAC413 /* PBXTargetDependency */ = {
			isa = PBXTargetDependency;
			target = 2B3594611A25946300BAC413 /* price-view */;
			targetProxy = 2B3594781A25946300BAC413 /* PBXContainerItemProxy */;
		};
/* End PBXTargetDependency section */

/* Begin PBXVariantGroup section */
		2B35946B1A25946300BAC413 /* Main.storyboard */ = {
			isa = PBXVariantGroup;
			children = (
				2B35946C1A25946300BAC413 /* Base */,
			);
			name = Main.storyboard;
			sourceTree = "<group>";
		};
		2B3594701A25946300BAC413 /* LaunchScreen.xib */ = {
			isa = PBXVariantGroup;
			children = (
				2B3594711A25946300BAC413 /* Base */,
			);
			name = LaunchScreen.xib;
			sourceTree = "<group>";
		};
/* End PBXVariantGroup section */

/* Begin XCBuildConfiguration section */
		2B35947F1A25946300BAC413 /* Debug */ = {
			isa = XCBuildConfiguration;
			buildSettings = {
				ALWAYS_SEARCH_USER_PATHS = NO;
				CLANG_CXX_LANGUAGE_STANDARD = "gnu++0x";
				CLANG_CXX_LIBRARY = "libc++";
				CLANG_ENABLE_MODULES = YES;
				CLANG_ENABLE_OBJC_ARC = YES;
				CLANG_WARN_BOOL_CONVERSION = YES;
				CLANG_WARN_CONSTANT_CONVERSION = YES;
				CLANG_WARN_DIRECT_OBJC_ISA_USAGE = YES_ERROR;
				CLANG_WARN_EMPTY_BODY = YES;
				CLANG_WARN_ENUM_CONVERSION = YES;
				CLANG_WARN_INT_CONVERSION = YES;
				CLANG_WARN_OBJC_ROOT_CLASS = YES_ERROR;
				CLANG_WARN_UNREACHABLE_CODE = YES;
				CLANG_WARN__DUPLICATE_METHOD_MATCH = YES;
				"CODE_SIGN_IDENTITY[sdk=iphoneos*]" = "iPhone Developer";
				COPY_PHASE_STRIP = NO;
				ENABLE_STRICT_OBJC_MSGSEND = YES;
				GCC_C_LANGUAGE_STANDARD = gnu99;
				GCC_DYNAMIC_NO_PIC = NO;
				GCC_OPTIMIZATION_LEVEL = 0;
				GCC_PREPROCESSOR_DEFINITIONS = (
					"DEBUG=1",
					"$(inherited)",
				);
				GCC_SYMBOLS_PRIVATE_EXTERN = NO;
				GCC_WARN_64_TO_32_BIT_CONVERSION = YES;
				GCC_WARN_ABOUT_RETURN_TYPE = YES_ERROR;
				GCC_WARN_UNDECLARED_SELECTOR = YES;
				GCC_WARN_UNINITIALIZED_AUTOS = YES_AGGRESSIVE;
				GCC_WARN_UNUSED_FUNCTION = YES;
				GCC_WARN_UNUSED_VARIABLE = YES;
				IPHONEOS_DEPLOYMENT_TARGET = 7.0;
				MTL_ENABLE_DEBUG_INFO = YES;
				ONLY_ACTIVE_ARCH = YES;
				SDKROOT = iphoneos;
				SWIFT_OPTIMIZATION_LEVEL = "-Onone";
				TARGETED_DEVICE_FAMILY = "1,2";
			};
			name = Debug;
		};
		2B3594801A25946300BAC413 /* Release */ = {
			isa = XCBuildConfiguration;
			buildSettings = {
				ALWAYS_SEARCH_USER_PATHS = NO;
				CLANG_CXX_LANGUAGE_STANDARD = "gnu++0x";
				CLANG_CXX_LIBRARY = "libc++";
				CLANG_ENABLE_MODULES = YES;
				CLANG_ENABLE_OBJC_ARC = YES;
				CLANG_WARN_BOOL_CONVERSION = YES;
				CLANG_WARN_CONSTANT_CONVERSION = YES;
				CLANG_WARN_DIRECT_OBJC_ISA_USAGE = YES_ERROR;
				CLANG_WARN_EMPTY_BODY = YES;
				CLANG_WARN_ENUM_CONVERSION = YES;
				CLANG_WARN_INT_CONVERSION = YES;
				CLANG_WARN_OBJC_ROOT_CLASS = YES_ERROR;
				CLANG_WARN_UNREACHABLE_CODE = YES;
				CLANG_WARN__DUPLICATE_METHOD_MATCH = YES;
				"CODE_SIGN_IDENTITY[sdk=iphoneos*]" = "iPhone Developer";
				COPY_PHASE_STRIP = YES;
				ENABLE_NS_ASSERTIONS = NO;
				ENABLE_STRICT_OBJC_MSGSEND = YES;
				GCC_C_LANGUAGE_STANDARD = gnu99;
				GCC_WARN_64_TO_32_BIT_CONVERSION = YES;
				GCC_WARN_ABOUT_RETURN_TYPE = YES_ERROR;
				GCC_WARN_UNDECLARED_SELECTOR = YES;
				GCC_WARN_UNINITIALIZED_AUTOS = YES_AGGRESSIVE;
				GCC_WARN_UNUSED_FUNCTION = YES;
				GCC_WARN_UNUSED_VARIABLE = YES;
				IPHONEOS_DEPLOYMENT_TARGET = 7.0;
				MTL_ENABLE_DEBUG_INFO = NO;
				SDKROOT = iphoneos;
				TARGETED_DEVICE_FAMILY = "1,2";
				VALIDATE_PRODUCT = YES;
			};
			name = Release;
		};
		2B3594821A25946300BAC413 /* Debug */ = {
			isa = XCBuildConfiguration;
			buildSettings = {
				ASSETCATALOG_COMPILER_APPICON_NAME = AppIcon;
				INFOPLIST_FILE = "price-view/Info.plist";
				LD_RUNPATH_SEARCH_PATHS = "$(inherited) @executable_path/Frameworks";
				PRODUCT_NAME = "$(TARGET_NAME)";
			};
			name = Debug;
		};
		2B3594831A25946300BAC413 /* Release */ = {
			isa = XCBuildConfiguration;
			buildSettings = {
				ASSETCATALOG_COMPILER_APPICON_NAME = AppIcon;
				INFOPLIST_FILE = "price-view/Info.plist";
				LD_RUNPATH_SEARCH_PATHS = "$(inherited) @executable_path/Frameworks";
				PRODUCT_NAME = "$(TARGET_NAME)";
			};
			name = Release;
		};
		2B3594851A25946300BAC413 /* Debug */ = {
			isa = XCBuildConfiguration;
			buildSettings = {
				BUNDLE_LOADER = "$(TEST_HOST)";
				FRAMEWORK_SEARCH_PATHS = (
					"$(SDKROOT)/Developer/Library/Frameworks",
					"$(inherited)",
				);
				GCC_PREPROCESSOR_DEFINITIONS = (
					"DEBUG=1",
					"$(inherited)",
				);
				INFOPLIST_FILE = "price-viewTests/Info.plist";
				LD_RUNPATH_SEARCH_PATHS = "$(inherited) @executable_path/Frameworks @loader_path/Frameworks";
				PRODUCT_NAME = "$(TARGET_NAME)";
				TEST_HOST = "$(BUILT_PRODUCTS_DIR)/price-view.app/price-view";
			};
			name = Debug;
		};
		2B3594861A25946300BAC413 /* Release */ = {
			isa = XCBuildConfiguration;
			buildSettings = {
				BUNDLE_LOADER = "$(TEST_HOST)";
				FRAMEWORK_SEARCH_PATHS = (
					"$(SDKROOT)/Developer/Library/Frameworks",
					"$(inherited)",
				);
				INFOPLIST_FILE = "price-viewTests/Info.plist";
				LD_RUNPATH_SEARCH_PATHS = "$(inherited) @executable_path/Frameworks @loader_path/Frameworks";
				PRODUCT_NAME = "$(TARGET_NAME)";
				TEST_HOST = "$(BUILT_PRODUCTS_DIR)/price-view.app/price-view";
			};
			name = Release;
		};
/* End XCBuildConfiguration section */

/* Begin XCConfigurationList section */
		2B35945D1A25946300BAC413 /* Build configuration list for PBXProject "price-view" */ = {
			isa = XCConfigurationList;
			buildConfigurations = (
				2B35947F1A25946300BAC413 /* Debug */,
				2B3594801A25946300BAC413 /* Release */,
			);
			defaultConfigurationIsVisible = 0;
			defaultConfigurationName = Release;
		};
		2B3594811A25946300BAC413 /* Build configuration list for PBXNativeTarget "price-view" */ = {
			isa = XCConfigurationList;
			buildConfigurations = (
				2B3594821A25946300BAC413 /* Debug */,
				2B3594831A25946300BAC413 /* Release */,
			);
			defaultConfigurationIsVisible = 0;
		};
		2B3594841A25946300BAC413 /* Build configuration list for PBXNativeTarget "price-viewTests" */ = {
			isa = XCConfigurationList;
			buildConfigurations = (
				2B3594851A25946300BAC413 /* Debug */,
				2B3594861A25946300BAC413 /* Release */,
			);
			defaultConfigurationIsVisible = 0;
		};
/* End XCConfigurationList section */
	};
	rootObject = 2B35945A1A25946300BAC413 /* Project object */;
}
